
Microsoft Visual Studio Solution File, Format Version 12.00
Project("{FAE04EC0-301F-11D3-BF4B-00C04F79EFBC}") = "Amplitude", "Amplitude\Amplitude.csproj", "{00C80EED-F264-48C8-A856-3405AAA025FC}"
EndProject
Project("{FAE04EC0-301F-11D3-BF4B-00C04F79EFBC}") = "Amplitude.Tests", "Amplitude.Tests\Amplitude.Tests.csproj", "{B1F31998-52FB-4DF9-8758-41F3A1E5D24C}"
EndProject
Global
	GlobalSection(SolutionConfigurationPlatforms) = preSolution
		Debug|Any CPU = Debug|Any CPU
		Release|Any CPU = Release|Any CPU
	EndGlobalSection
	GlobalSection(ProjectConfigurationPlatforms) = postSolution
		{00C80EED-F264-48C8-A856-3405AAA025FC}.Debug|Any CPU.ActiveCfg = Debug|Any CPU
		{00C80EED-F264-48C8-A856-3405AAA025FC}.Debug|Any CPU.Build.0 = Debug|Any CPU
		{00C80EED-F264-48C8-A856-3405AAA025FC}.Release|Any CPU.ActiveCfg = Release|Any CPU
		{00C80EED-F264-48C8-A856-3405AAA025FC}.Release|Any CPU.Build.0 = Release|Any CPU
		{B1F31998-52FB-4DF9-8758-41F3A1E5D24C}.Debug|Any CPU.ActiveCfg = Debug|Any CPU
		{B1F31998-52FB-4DF9-8758-41F3A1E5D24C}.Debug|Any CPU.Build.0 = Debug|Any CPU
		{B1F31998-52FB-4DF9-8758-41F3A1E5D24C}.Release|Any CPU.ActiveCfg = Release|Any CPU
		{B1F31998-52FB-4DF9-8758-41F3A1E5D24C}.Release|Any CPU.Build.0 = Release|Any CPU
	EndGlobalSection
EndGlobal
